
Microsoft Visual Studio Solution File, Format Version 12.00
# Visual Studio 15
VisualStudioVersion = 15.0.27703.2026
MinimumVisualStudioVersion = 10.0.40219.1
Project("{FAE04EC0-301F-11D3-BF4B-00C04F79EFBC}") = "PillarKata-VendingMachine", "PillarKata-VendingMachine.csproj", "{2485AE52-E2D1-4322-A51D-7CE7B24D6D82}"
EndProject
Project("{FAE04EC0-301F-11D3-BF4B-00C04F79EFBC}") = "PillarKata-VendingMachineTests", "..\PillarKata-VendingMachineTests\PillarKata-VendingMachineTests.csproj", "{70461A29-318D-4C64-8DBE-B9EB77F82AE4}"
EndProject
Global
	GlobalSection(SolutionConfigurationPlatforms) = preSolution
		Debug|Any CPU = Debug|Any CPU
		Release|Any CPU = Release|Any CPU
	EndGlobalSection
	GlobalSection(ProjectConfigurationPlatforms) = postSolution
		{2485AE52-E2D1-4322-A51D-7CE7B24D6D82}.Debug|Any CPU.ActiveCfg = Debug|Any CPU
		{2485AE52-E2D1-4322-A51D-7CE7B24D6D82}.Debug|Any CPU.Build.0 = Debug|Any CPU
		{2485AE52-E2D1-4322-A51D-7CE7B24D6D82}.Release|Any CPU.ActiveCfg = Release|Any CPU
		{2485AE52-E2D1-4322-A51D-7CE7B24D6D82}.Release|Any CPU.Build.0 = Release|Any CPU
		{70461A29-318D-4C64-8DBE-B9EB77F82AE4}.Debug|Any CPU.ActiveCfg = Debug|Any CPU
		{70461A29-318D-4C64-8DBE-B9EB77F82AE4}.Debug|Any CPU.Build.0 = Debug|Any CPU
		{70461A29-318D-4C64-8DBE-B9EB77F82AE4}.Release|Any CPU.ActiveCfg = Release|Any CPU
		{70461A29-318D-4C64-8DBE-B9EB77F82AE4}.Release|Any CPU.Build.0 = Release|Any CPU
	EndGlobalSection
	GlobalSection(SolutionProperties) = preSolution
		HideSolutionNode = FALSE
	EndGlobalSection
	GlobalSection(ExtensibilityGlobals) = postSolution
		SolutionGuid = {790F913C-5485-482E-AB3C-274F42DF9F29}
	EndGlobalSection
EndGlobal
